
Microsoft Visual Studio Solution File, Format Version 12.00
# Visual Studio Version 17
VisualStudioVersion = 17.13.35913.81 d17.13
MinimumVisualStudioVersion = 10.0.40219.1
Project("{FAE04EC0-301F-11D3-BF4B-00C04F79EFBC}") = "ATimeVisualCalculator", "ATimeVisualCalculator.csproj", "{F3DF0F30-85A9-4C0D-BFF9-51D0FE8C6FB6}"
EndProject
Global
	GlobalSection(SolutionConfigurationPlatforms) = preSolution
		Debug|Any CPU = Debug|Any CPU
		Release|Any CPU = Release|Any CPU
	EndGlobalSection
	GlobalSection(ProjectConfigurationPlatforms) = postSolution
		{F3DF0F30-85A9-4C0D-BFF9-51D0FE8C6FB6}.Debug|Any CPU.ActiveCfg = Debug|Any CPU
		{F3DF0F30-85A9-4C0D-BFF9-51D0FE8C6FB6}.Debug|Any CPU.Build.0 = Debug|Any CPU
		{F3DF0F30-85A9-4C0D-BFF9-51D0FE8C6FB6}.Release|Any CPU.ActiveCfg = Release|Any CPU
		{F3DF0F30-85A9-4C0D-BFF9-51D0FE8C6FB6}.Release|Any CPU.Build.0 = Release|Any CPU
	EndGlobalSection
	GlobalSection(SolutionProperties) = preSolution
		HideSolutionNode = FALSE
	EndGlobalSection
	GlobalSection(ExtensibilityGlobals) = postSolution
		SolutionGuid = {B2AE7F77-4ED4-4795-B795-E134C9F7B628}
	EndGlobalSection
EndGlobal
